
Microsoft Visual Studio Solution File, Format Version 12.00
# Visual Studio Version 16
VisualStudioVersion = 16.0.31911.196
MinimumVisualStudioVersion = 10.0.40219.1
Project("{8BC9CEB8-8B4A-11D0-8D11-00A0C91BC942}") = "Q235_LowestCommonAncestorOfABinarySearchTree", "Q235_LowestCommonAncestorOfABinarySearchTree\Q235_LowestCommonAncestorOfABinarySearchTree.vcxproj", "{345AABEF-DD55-4874-84C8-87239B606836}"
EndProject
Global
	GlobalSection(SolutionConfigurationPlatforms) = preSolution
		Debug|x64 = Debug|x64
		Debug|x86 = Debug|x86
		Release|x64 = Release|x64
		Release|x86 = Release|x86
	EndGlobalSection
	GlobalSection(ProjectConfigurationPlatforms) = postSolution
		{345AABEF-DD55-4874-84C8-87239B606836}.Debug|x64.ActiveCfg = Debug|x64
		{345AABEF-DD55-4874-84C8-87239B606836}.Debug|x64.Build.0 = Debug|x64
		{345AABEF-DD55-4874-84C8-87239B606836}.Debug|x86.ActiveCfg = Debug|Win32
		{345AABEF-DD55-4874-84C8-87239B606836}.Debug|x86.Build.0 = Debug|Win32
		{345AABEF-DD55-4874-84C8-87239B606836}.Release|x64.ActiveCfg = Release|x64
		{345AABEF-DD55-4874-84C8-87239B606836}.Release|x64.Build.0 = Release|x64
		{345AABEF-DD55-4874-84C8-87239B606836}.Release|x86.ActiveCfg = Release|Win32
		{345AABEF-DD55-4874-84C8-87239B606836}.Release|x86.Build.0 = Release|Win32
	EndGlobalSection
	GlobalSection(SolutionProperties) = preSolution
		HideSolutionNode = FALSE
	EndGlobalSection
	GlobalSection(ExtensibilityGlobals) = postSolution
		SolutionGuid = {35194AAF-9BC3-41C7-80FC-5DDD1B5B1893}
	EndGlobalSection
EndGlobal
